
Microsoft Visual Studio Solution File, Format Version 12.00
# Visual Studio Version 17
VisualStudioVersion = 17.14.36616.10 d17.14
MinimumVisualStudioVersion = 10.0.40219.1
Project("{FAE04EC0-301F-11D3-BF4B-00C04F79EFBC}") = "BibliotecaOnline", "BibliotecaOnline\BibliotecaOnline.csproj", "{4697BE6E-52F5-4547-AAA4-1C0B902BDB33}"
EndProject
Global
	GlobalSection(SolutionConfigurationPlatforms) = preSolution
		Debug|Any CPU = Debug|Any CPU
		Release|Any CPU = Release|Any CPU
	EndGlobalSection
	GlobalSection(ProjectConfigurationPlatforms) = postSolution
		{4697BE6E-52F5-4547-AAA4-1C0B902BDB33}.Debug|Any CPU.ActiveCfg = Debug|Any CPU
		{4697BE6E-52F5-4547-AAA4-1C0B902BDB33}.Debug|Any CPU.Build.0 = Debug|Any CPU
		{4697BE6E-52F5-4547-AAA4-1C0B902BDB33}.Release|Any CPU.ActiveCfg = Release|Any CPU
		{4697BE6E-52F5-4547-AAA4-1C0B902BDB33}.Release|Any CPU.Build.0 = Release|Any CPU
	EndGlobalSection
	GlobalSection(SolutionProperties) = preSolution
		HideSolutionNode = FALSE
	EndGlobalSection
	GlobalSection(ExtensibilityGlobals) = postSolution
		SolutionGuid = {CD66C4F3-8121-4B69-AB38-EDC6287C5A45}
	EndGlobalSection
EndGlobal
